
Microsoft Visual Studio Solution File, Format Version 12.00
# Visual Studio Version 17
VisualStudioVersion = 17.13.35806.99 d17.13
MinimumVisualStudioVersion = 10.0.40219.1
Project("{FAE04EC0-301F-11D3-BF4B-00C04F79EFBC}") = "CodeJobs", "CodeJobs\CodeJobs.csproj", "{6F099281-3DCB-449E-8FFE-10636F80CF64}"
EndProject
Global
	GlobalSection(SolutionConfigurationPlatforms) = preSolution
		Debug|Any CPU = Debug|Any CPU
		Release|Any CPU = Release|Any CPU
	EndGlobalSection
	GlobalSection(ProjectConfigurationPlatforms) = postSolution
		{6F099281-3DCB-449E-8FFE-10636F80CF64}.Debug|Any CPU.ActiveCfg = Debug|Any CPU
		{6F099281-3DCB-449E-8FFE-10636F80CF64}.Debug|Any CPU.Build.0 = Debug|Any CPU
		{6F099281-3DCB-449E-8FFE-10636F80CF64}.Release|Any CPU.ActiveCfg = Release|Any CPU
		{6F099281-3DCB-449E-8FFE-10636F80CF64}.Release|Any CPU.Build.0 = Release|Any CPU
	EndGlobalSection
	GlobalSection(SolutionProperties) = preSolution
		HideSolutionNode = FALSE
	EndGlobalSection
	GlobalSection(ExtensibilityGlobals) = postSolution
		SolutionGuid = {91353C6C-7150-460E-89AE-77CEDB20B73E}
	EndGlobalSection
EndGlobal
